
Microsoft Visual Studio Solution File, Format Version 12.00
# Visual Studio Version 16
VisualStudioVersion = 16.0.31129.286
MinimumVisualStudioVersion = 10.0.40219.1
Project("{9A19103F-16F7-4668-BE54-9A1E7A4F7556}") = "Essa.Framework.Logger", "Essa.Framework.Logger\Essa.Framework.Logger.csproj", "{0AAAC3E6-44C4-47A4-8B0F-A60E08D2C162}"
EndProject
Project("{9A19103F-16F7-4668-BE54-9A1E7A4F7556}") = "Essa.Framework.UtilCore", "Essa.Framework.UtilCore\Essa.Framework.UtilCore.csproj", "{9470FE9E-FBFE-42CD-8298-AB2F25819E7A}"
EndProject
Global
	GlobalSection(SolutionConfigurationPlatforms) = preSolution
		Debug|Any CPU = Debug|Any CPU
		Release|Any CPU = Release|Any CPU
	EndGlobalSection
	GlobalSection(ProjectConfigurationPlatforms) = postSolution
		{0AAAC3E6-44C4-47A4-8B0F-A60E08D2C162}.Debug|Any CPU.ActiveCfg = Debug|Any CPU
		{0AAAC3E6-44C4-47A4-8B0F-A60E08D2C162}.Debug|Any CPU.Build.0 = Debug|Any CPU
		{0AAAC3E6-44C4-47A4-8B0F-A60E08D2C162}.Release|Any CPU.ActiveCfg = Release|Any CPU
		{0AAAC3E6-44C4-47A4-8B0F-A60E08D2C162}.Release|Any CPU.Build.0 = Release|Any CPU
		{9470FE9E-FBFE-42CD-8298-AB2F25819E7A}.Debug|Any CPU.ActiveCfg = Debug|Any CPU
		{9470FE9E-FBFE-42CD-8298-AB2F25819E7A}.Debug|Any CPU.Build.0 = Debug|Any CPU
		{9470FE9E-FBFE-42CD-8298-AB2F25819E7A}.Release|Any CPU.ActiveCfg = Release|Any CPU
		{9470FE9E-FBFE-42CD-8298-AB2F25819E7A}.Release|Any CPU.Build.0 = Release|Any CPU
	EndGlobalSection
	GlobalSection(SolutionProperties) = preSolution
		HideSolutionNode = FALSE
	EndGlobalSection
	GlobalSection(ExtensibilityGlobals) = postSolution
		SolutionGuid = {B975D358-31C8-4BC6-A676-7CCA6991E15C}
	EndGlobalSection
EndGlobal
